{
  "name": "jepeuxstationner",
  "version": "0.0.1",
  "lockfileVersion": 3,
  "requires": true,
  "packages": {
    "": {
      "name": "jepeuxstationner",
      "version": "0.0.1",
      "workspaces": [
        "packages/*",
        "apps/*"
      ],
      "dependencies": {
        "date-holidays": "3.36.0",
        "sax": "1.6.1"
      },
      "devDependencies": {
        "@types/node": "24.10.1",
        "@types/pg": "8.15.5",
        "@types/sax": "1.2.7",
        "pg": "8.16.3",
        "typescript": "5.9.3"
      },
      "engines": {
        "node": ">=24 <25"
      }
    },
    "apps/demo": {
      "name": "@jps/demo",
      "version": "0.0.1"
    },
    "node_modules/@jps/adapters": {
      "resolved": "packages/adapters",
      "link": true
    },
    "node_modules/@jps/application": {
      "resolved": "packages/application",
      "link": true
    },
    "node_modules/@jps/database": {
      "resolved": "packages/database",
      "link": true
    },
    "node_modules/@jps/demo": {
      "resolved": "apps/demo",
      "link": true
    },
    "node_modules/@jps/domain": {
      "resolved": "packages/domain",
      "link": true
    },
    "node_modules/@jps/engine": {
      "resolved": "packages/engine",
      "link": true
    },
    "node_modules/@types/node": {
      "version": "24.10.1",
      "resolved": "https://registry.npmjs.org/@types/node/-/node-24.10.1.tgz",
      "integrity": "sha512-GNWcUTRBgIRJD5zj+Tq0fKOJ5XZajIiBroOF0yvj2bSU1WvNdYS/dn9UxwsujGW4JX06dnHyjV2y9rRaybH0iQ==",
      "dev": true,
      "license": "MIT",
      "dependencies": {
        "undici-types": "~7.16.0"
      }
    },
    "node_modules/@types/pg": {
      "version": "8.15.5",
      "resolved": "https://registry.npmjs.org/@types/pg/-/pg-8.15.5.tgz",
      "integrity": "sha512-LF7lF6zWEKxuT3/OR8wAZGzkg4ENGXFNyiV/JeOt9z5B+0ZVwbql9McqX5c/WStFq1GaGso7H1AzP/qSzmlCKQ==",
      "dev": true,
      "license": "MIT",
      "dependencies": {
        "@types/node": "*",
        "pg-protocol": "*",
        "pg-types": "^2.2.0"
      }
    },
    "node_modules/@types/sax": {
      "version": "1.2.7",
      "resolved": "https://registry.npmjs.org/@types/sax/-/sax-1.2.7.tgz",
      "integrity": "sha512-rO73L89PJxeYM3s3pPPjiPgVVcymqU490g0YO5n5By0k2Erzj6tay/4lr1CHAAU4JyOWd1rpQ8bCf6cZfHU96A==",
      "dev": true,
      "license": "MIT",
      "dependencies": {
        "@types/node": "*"
      }
    },
    "node_modules/argparse": {
      "version": "2.0.1",
      "resolved": "https://registry.npmjs.org/argparse/-/argparse-2.0.1.tgz",
      "integrity": "sha512-8+9WqebbFzpX9OR+Wa6O29asIogeRMzcGtAINdpMHHyAg10f05aSFVBbcEqGf/PXw1EjAZ+q2/bEBg3DvurK3Q==",
      "license": "Python-2.0"
    },
    "node_modules/astronomia": {
      "version": "4.2.0",
      "resolved": "https://registry.npmjs.org/astronomia/-/astronomia-4.2.0.tgz",
      "integrity": "sha512-mTvpBGyXB80aSsDhAAiuwza5VqAyqmj5yzhjBrFhRy17DcWDzJrb8Vdl4Sm+g276S+mY7bk/5hi6akZ5RQFeHg==",
      "license": "MIT",
      "engines": {
        "node": ">=12.0.0"
      }
    },
    "node_modules/caldate": {
      "version": "2.0.5",
      "resolved": "https://registry.npmjs.org/caldate/-/caldate-2.0.5.tgz",
      "integrity": "sha512-JndhrUuDuE975KUhFqJaVR1OQkCHZqpOrJur/CFXEIEhWhBMjxO85cRSK8q4FW+B+yyPq6GYua2u4KvNzTcq0w==",
      "license": "ISC",
      "dependencies": {
        "moment-timezone": "^0.5.43"
      },
      "engines": {
        "node": ">=12.0.0"
      }
    },
    "node_modules/date-bengali-revised": {
      "version": "2.0.2",
      "resolved": "https://registry.npmjs.org/date-bengali-revised/-/date-bengali-revised-2.0.2.tgz",
      "integrity": "sha512-q9iDru4+TSA9k4zfm0CFHJj6nBsxP7AYgWC/qodK/i7oOIlj5K2z5IcQDtESfs/Qwqt/xJYaP86tkazd/vRptg==",
      "license": "MIT",
      "engines": {
        "node": ">=12.0.0"
      }
    },
    "node_modules/date-chinese": {
      "version": "2.1.4",
      "resolved": "https://registry.npmjs.org/date-chinese/-/date-chinese-2.1.4.tgz",
      "integrity": "sha512-WY+6+Qw92ZGWFvGtStmNQHEYpNa87b8IAQ5T8VKt4wqrn24lBXyyBnWI5jAIyy7h/KVwJZ06bD8l/b7yss82Ww==",
      "license": "MIT",
      "dependencies": {
        "astronomia": "^4.1.0"
      },
      "engines": {
        "node": ">=12.0.0"
      }
    },
    "node_modules/date-easter": {
      "version": "1.0.3",
      "resolved": "https://registry.npmjs.org/date-easter/-/date-easter-1.0.3.tgz",
      "integrity": "sha512-aOViyIgpM4W0OWUiLqivznwTtuMlD/rdUWhc5IatYnplhPiWrLv75cnifaKYhmQwUBLAMWLNG4/9mlLIbXoGBQ==",
      "license": "MIT",
      "engines": {
        "node": ">=12.0.0"
      }
    },
    "node_modules/date-holidays": {
      "version": "3.36.0",
      "resolved": "https://registry.npmjs.org/date-holidays/-/date-holidays-3.36.0.tgz",
      "integrity": "sha512-uKcRwVgaIC5jEbm2Z4LQzXmTDulWcO+6kQie3GLoAiS1sYfpWmq1qrlrDHmo2BXGyIxT5o7IO0Z/jVQUZgJsCg==",
      "license": "(ISC AND CC-BY-3.0)",
      "dependencies": {
        "date-holidays-parser": "^3.4.7",
        "js-yaml": "^5.3.0",
        "lodash": "^4.18.1",
        "prepin": "^1.0.3"
      },
      "bin": {
        "holidays2json": "scripts/holidays2json.cjs"
      },
      "engines": {
        "node": ">=12.0.0"
      }
    },
    "node_modules/date-holidays-parser": {
      "version": "3.4.7",
      "resolved": "https://registry.npmjs.org/date-holidays-parser/-/date-holidays-parser-3.4.7.tgz",
      "integrity": "sha512-h09ZEtM6u5cYM6m1bX+1Ny9f+nLO9KVZUKNPEnH7lhbXYTfqZogaGTnhONswGeIJFF91UImIftS3CdM9HLW5oQ==",
      "license": "ISC",
      "dependencies": {
        "astronomia": "^4.1.1",
        "caldate": "^2.0.5",
        "date-bengali-revised": "^2.0.2",
        "date-chinese": "^2.1.4",
        "date-easter": "^1.0.3",
        "deepmerge": "^4.3.1",
        "jalaali-js": "^1.2.7",
        "moment-timezone": "^0.5.47"
      },
      "engines": {
        "node": ">=12.0.0"
      }
    },
    "node_modules/deepmerge": {
      "version": "4.3.1",
      "resolved": "https://registry.npmjs.org/deepmerge/-/deepmerge-4.3.1.tgz",
      "integrity": "sha512-3sUqbMEc77XqpdNO7FRyRog+eW3ph+GYCbj+rK+uYyRMuwsVy0rMiVtPn+QJlKFvWP/1PYpapqYn0Me2knFn+A==",
      "license": "MIT",
      "engines": {
        "node": ">=0.10.0"
      }
    },
    "node_modules/jalaali-js": {
      "version": "1.2.8",
      "resolved": "https://registry.npmjs.org/jalaali-js/-/jalaali-js-1.2.8.tgz",
      "integrity": "sha512-Jl/EwY84JwjW2wsWqeU4pNd22VNQ7EkjI36bDuLw31wH98WQW4fPjD0+mG7cdCK+Y8D6s9R3zLiQ3LaKu6bD8A==",
      "license": "MIT"
    },
    "node_modules/js-yaml": {
      "version": "5.4.1",
      "resolved": "https://registry.npmjs.org/js-yaml/-/js-yaml-5.4.1.tgz",
      "integrity": "sha512-28R/k+NAjeuf7+CKlTxWZVExJGwVVLwY06DgEnOMz2gEpfNkDcD7QvyiVPT0xy0XXhU8vHsd4Ot42OOPdJG7dQ==",
      "funding": [
        {
          "type": "github",
          "url": "https://github.com/sponsors/puzrin"
        },
        {
          "type": "github",
          "url": "https://github.com/sponsors/nodeca"
        }
      ],
      "license": "MIT",
      "dependencies": {
        "argparse": "^2.0.1"
      },
      "bin": {
        "js-yaml": "bin/js-yaml.mjs"
      }
    },
    "node_modules/lodash": {
      "version": "4.18.1",
      "resolved": "https://registry.npmjs.org/lodash/-/lodash-4.18.1.tgz",
      "integrity": "sha512-dMInicTPVE8d1e5otfwmmjlxkZoUpiVLwyeTdUsi/Caj/gfzzblBcCE5sRHV/AsjuCmxWrte2TNGSYuCeCq+0Q==",
      "license": "MIT"
    },
    "node_modules/moment": {
      "version": "2.30.1",
      "resolved": "https://registry.npmjs.org/moment/-/moment-2.30.1.tgz",
      "integrity": "sha512-uEmtNhbDOrWPFS+hdjFCBfy9f2YoyzRpwcl+DqpC6taX21FzsTLQVbMV/W7PzNSX6x/bhC1zA3c2UQ5NzH6how==",
      "license": "MIT",
      "engines": {
        "node": "*"
      }
    },
    "node_modules/moment-timezone": {
      "version": "0.5.48",
      "resolved": "https://registry.npmjs.org/moment-timezone/-/moment-timezone-0.5.48.tgz",
      "integrity": "sha512-f22b8LV1gbTO2ms2j2z13MuPogNoh5UzxL3nzNAYKGraILnbGc9NEE6dyiiiLv46DGRb8A4kg8UKWLjPthxBHw==",
      "license": "MIT",
      "dependencies": {
        "moment": "^2.29.4"
      },
      "engines": {
        "node": "*"
      }
    },
    "node_modules/pg": {
      "version": "8.16.3",
      "resolved": "https://registry.npmjs.org/pg/-/pg-8.16.3.tgz",
      "integrity": "sha512-enxc1h0jA/aq5oSDMvqyW3q89ra6XIIDZgCX9vkMrnz5DFTw/Ny3Li2lFQ+pt3L6MCgm/5o2o8HW9hiJji+xvw==",
      "dev": true,
      "license": "MIT",
      "dependencies": {
        "pg-connection-string": "^2.9.1",
        "pg-pool": "^3.10.1",
        "pg-protocol": "^1.10.3",
        "pg-types": "2.2.0",
        "pgpass": "1.0.5"
      },
      "engines": {
        "node": ">= 16.0.0"
      },
      "optionalDependencies": {
        "pg-cloudflare": "^1.2.7"
      },
      "peerDependencies": {
        "pg-native": ">=3.0.1"
      },
      "peerDependenciesMeta": {
        "pg-native": {
          "optional": true
        }
      }
    },
    "node_modules/pg-cloudflare": {
      "version": "1.4.0",
      "resolved": "https://registry.npmjs.org/pg-cloudflare/-/pg-cloudflare-1.4.0.tgz",
      "integrity": "sha512-Vo7z/6rrQYxpNRylp4Tlob2elzbh+N/MOQbxFVWCxS7oEx6jF53GTJFxK2WWpKuBRkmiin4Mt+xofFDjx09R0A==",
      "dev": true,
      "license": "MIT",
      "optional": true
    },
    "node_modules/pg-connection-string": {
      "version": "2.14.0",
      "resolved": "https://registry.npmjs.org/pg-connection-string/-/pg-connection-string-2.14.0.tgz",
      "integrity": "sha512-XwWDGcLRGCXAR8F/AM5bG7Q+A3Wm2s6QeEjlOKZLlH3UYcguiqCWKyWXVag5TLTIjR7oOJUY8kcADaZgWPyLeg==",
      "dev": true,
      "license": "MIT"
    },
    "node_modules/pg-int8": {
      "version": "1.0.1",
      "resolved": "https://registry.npmjs.org/pg-int8/-/pg-int8-1.0.1.tgz",
      "integrity": "sha512-WCtabS6t3c8SkpDBUlb1kjOs7l66xsGdKpIPZsg4wR+B3+u9UAum2odSsF9tnvxg80h4ZxLWMy4pRjOsFIqQpw==",
      "dev": true,
      "license": "ISC",
      "engines": {
        "node": ">=4.0.0"
      }
    },
    "node_modules/pg-pool": {
      "version": "3.14.0",
      "resolved": "https://registry.npmjs.org/pg-pool/-/pg-pool-3.14.0.tgz",
      "integrity": "sha512-gKtPkFdQPU3DksooVLi9LsjZxrsBUZIpa+7aVx+LV5pNh0KzP4Zleud2po+ConrxbuXGBJ6Hfer6hdgpIBpBaw==",
      "dev": true,
      "license": "MIT",
      "peerDependencies": {
        "pg": ">=8.0"
      }
    },
    "node_modules/pg-protocol": {
      "version": "1.16.0",
      "resolved": "https://registry.npmjs.org/pg-protocol/-/pg-protocol-1.16.0.tgz",
      "integrity": "sha512-sILXutLVjCLjcDuOmvhX5e2Z4cS5qG/6Bu3VkpFwdf/633ElGLpEh9bgmuI5I4sqKqkifQiGyiCcx1HdtrK7tg==",
      "dev": true,
      "license": "MIT"
    },
    "node_modules/pg-types": {
      "version": "2.2.0",
      "resolved": "https://registry.npmjs.org/pg-types/-/pg-types-2.2.0.tgz",
      "integrity": "sha512-qTAAlrEsl8s4OiEQY69wDvcMIdQN6wdz5ojQiOy6YRMuynxenON0O5oCpJI6lshc6scgAY8qvJ2On/p+CXY0GA==",
      "dev": true,
      "license": "MIT",
      "dependencies": {
        "pg-int8": "1.0.1",
        "postgres-array": "~2.0.0",
        "postgres-bytea": "~1.0.0",
        "postgres-date": "~1.0.4",
        "postgres-interval": "^1.1.0"
      },
      "engines": {
        "node": ">=4"
      }
    },
    "node_modules/pgpass": {
      "version": "1.0.5",
      "resolved": "https://registry.npmjs.org/pgpass/-/pgpass-1.0.5.tgz",
      "integrity": "sha512-FdW9r/jQZhSeohs1Z3sI1yxFQNFvMcnmfuj4WBMUTxOrAyLMaTcE1aAMBiTlbMNaXvBCQuVi0R7hd8udDSP7ug==",
      "dev": true,
      "license": "MIT",
      "dependencies": {
        "split2": "^4.1.0"
      }
    },
    "node_modules/postgres-array": {
      "version": "2.0.0",
      "resolved": "https://registry.npmjs.org/postgres-array/-/postgres-array-2.0.0.tgz",
      "integrity": "sha512-VpZrUqU5A69eQyW2c5CA1jtLecCsN2U/bD6VilrFDWq5+5UIEVO7nazS3TEcHf1zuPYO/sqGvUvW62g86RXZuA==",
      "dev": true,
      "license": "MIT",
      "engines": {
        "node": ">=4"
      }
    },
    "node_modules/postgres-bytea": {
      "version": "1.0.1",
      "resolved": "https://registry.npmjs.org/postgres-bytea/-/postgres-bytea-1.0.1.tgz",
      "integrity": "sha512-5+5HqXnsZPE65IJZSMkZtURARZelel2oXUEO8rH83VS/hxH5vv1uHquPg5wZs8yMAfdv971IU+kcPUczi7NVBQ==",
      "dev": true,
      "license": "MIT",
      "engines": {
        "node": ">=0.10.0"
      }
    },
    "node_modules/postgres-date": {
      "version": "1.0.7",
      "resolved": "https://registry.npmjs.org/postgres-date/-/postgres-date-1.0.7.tgz",
      "integrity": "sha512-suDmjLVQg78nMK2UZ454hAG+OAW+HQPZ6n++TNDUX+L0+uUlLywnoxJKDou51Zm+zTCjrCl0Nq6J9C5hP9vK/Q==",
      "dev": true,
      "license": "MIT",
      "engines": {
        "node": ">=0.10.0"
      }
    },
    "node_modules/postgres-interval": {
      "version": "1.2.0",
      "resolved": "https://registry.npmjs.org/postgres-interval/-/postgres-interval-1.2.0.tgz",
      "integrity": "sha512-9ZhXKM/rw350N1ovuWHbGxnGh/SNJ4cnxHiM0rxE4VN41wsg8P8zWn9hv/buK00RP4WvlOyr/RBDiptyxVbkZQ==",
      "dev": true,
      "license": "MIT",
      "dependencies": {
        "xtend": "^4.0.0"
      },
      "engines": {
        "node": ">=0.10.0"
      }
    },
    "node_modules/prepin": {
      "version": "1.0.3",
      "resolved": "https://registry.npmjs.org/prepin/-/prepin-1.0.3.tgz",
      "integrity": "sha512-0XL2hreherEEvUy0fiaGEfN/ioXFV+JpImqIzQjxk6iBg4jQ2ARKqvC4+BmRD8w/pnpD+lbxvh0Ub+z7yBEjvA==",
      "license": "Unlicense",
      "bin": {
        "prepin": "bin/prepin.js"
      }
    },
    "node_modules/sax": {
      "version": "1.6.1",
      "resolved": "https://registry.npmjs.org/sax/-/sax-1.6.1.tgz",
      "integrity": "sha512-42tBVwLWnaQvW5zc4HbZrTuWccECCZfBi92FDuwtqxasH+JbPB3/FOKb1m222K42R4WxuxzzMsTswfzgtSu64Q==",
      "license": "BlueOak-1.0.0",
      "engines": {
        "node": ">=11.0.0"
      }
    },
    "node_modules/split2": {
      "version": "4.2.0",
      "resolved": "https://registry.npmjs.org/split2/-/split2-4.2.0.tgz",
      "integrity": "sha512-UcjcJOWknrNkF6PLX83qcHM6KHgVKNkV62Y8a5uYDVv9ydGQVwAHMKqHdJje1VTWpljG0WYpCDhrCdAOYH4TWg==",
      "dev": true,
      "license": "ISC",
      "engines": {
        "node": ">= 10.x"
      }
    },
    "node_modules/typescript": {
      "version": "5.9.3",
      "resolved": "https://registry.npmjs.org/typescript/-/typescript-5.9.3.tgz",
      "integrity": "sha512-jl1vZzPDinLr9eUt3J/t7V6FgNEw9QjvBPdysz9KfQDD41fQrC2Y4vKQdiaUpFT4bXlb1RHhLpp8wtm6M5TgSw==",
      "dev": true,
      "license": "Apache-2.0",
      "bin": {
        "tsc": "bin/tsc",
        "tsserver": "bin/tsserver"
      },
      "engines": {
        "node": ">=14.17"
      }
    },
    "node_modules/undici-types": {
      "version": "7.16.0",
      "resolved": "https://registry.npmjs.org/undici-types/-/undici-types-7.16.0.tgz",
      "integrity": "sha512-Zz+aZWSj8LE6zoxD+xrjh4VfkIG8Ya6LvYkZqtUQGJPZjYl53ypCaUwWqo7eI0x66KBGeRo+mlBEkMSeSZ38Nw==",
      "dev": true,
      "license": "MIT"
    },
    "node_modules/xtend": {
      "version": "4.0.2",
      "resolved": "https://registry.npmjs.org/xtend/-/xtend-4.0.2.tgz",
      "integrity": "sha512-LKYU1iAXJXUgAXn9URjiu+MWhyUXHsvfp7mcuYm9dSUKK0/CjtrUwFAxD82/mCWbtLsGjFIad0wIsod4zrTAEQ==",
      "dev": true,
      "license": "MIT",
      "engines": {
        "node": ">=0.4"
      }
    },
    "packages/adapters": {
      "name": "@jps/adapters",
      "version": "0.0.1"
    },
    "packages/application": {
      "name": "@jps/application",
      "version": "0.0.1"
    },
    "packages/database": {
      "name": "@jps/database",
      "version": "0.0.1"
    },
    "packages/domain": {
      "name": "@jps/domain",
      "version": "0.0.1"
    },
    "packages/engine": {
      "name": "@jps/engine",
      "version": "0.0.1"
    }
  }
}
